{
  "name": "calendar-app",
  "version": "0.0.0",
  "lockfileVersion": 3,
  "requires": true,
  "packages": {
    "": {
      "name": "calendar-app",
      "version": "0.0.0",
      "workspaces": [
        "apps/*",
        "packages/*"
      ]
    },
    "apps/api": {
      "name": "@calendar-app/api",
      "version": "0.0.0"
    },
    "apps/web": {
      "name": "@calendar-app/web",
      "version": "0.0.0"
    },
    "node_modules/@calendar-app/api": {
      "resolved": "apps/api",
      "link": true
    },
    "node_modules/@calendar-app/web": {
      "resolved": "apps/web",
      "link": true
    }
  }
}
